
Microsoft Visual Studio Solution File, Format Version 12.00
# Visual Studio 2013
VisualStudioVersion = 12.0.31101.0
MinimumVisualStudioVersion = 10.0.40219.1
Project("{FAE04EC0-301F-11D3-BF4B-00C04F79EFBC}") = "ColorRun", "ColorRun\ColorRun\ColorRun.csproj", "{344B113C-4FE1-4C06-930B-8F8D136C0E61}"
EndProject
Project("{FAE04EC0-301F-11D3-BF4B-00C04F79EFBC}") = "ColorRun.iOS", "ColorRun\ColorRun.iOS\ColorRun.iOS.csproj", "{8DCF2311-268F-4E22-8A73-7504E403EBE6}"
EndProject
Project("{FAE04EC0-301F-11D3-BF4B-00C04F79EFBC}") = "ColorRun.Droid", "ColorRun\ColorRun.Droid\ColorRun.Droid.csproj", "{B51620E5-99FF-4EC3-B06A-F108D7EEC42F}"
EndProject
Project("{FAE04EC0-301F-11D3-BF4B-00C04F79EFBC}") = "ColorRun.WinPhone", "ColorRun\ColorRun.WinPhone\ColorRun.WinPhone.csproj", "{71DC09A5-CE32-486D-9CC8-E41DFC8110F0}"
EndProject
Global
	GlobalSection(SolutionConfigurationPlatforms) = preSolution
		Ad-Hoc|Any CPU = Ad-Hoc|Any CPU
		Ad-Hoc|ARM = Ad-Hoc|ARM
		Ad-Hoc|iPhone = Ad-Hoc|iPhone
		Ad-Hoc|iPhoneSimulator = Ad-Hoc|iPhoneSimulator
		Ad-Hoc|Mixed Platforms = Ad-Hoc|Mixed Platforms
		Ad-Hoc|x86 = Ad-Hoc|x86
		AppStore|Any CPU = AppStore|Any CPU
		AppStore|ARM = AppStore|ARM
		AppStore|iPhone = AppStore|iPhone
		AppStore|iPhoneSimulator = AppStore|iPhoneSimulator
		AppStore|Mixed Platforms = AppStore|Mixed Platforms
		AppStore|x86 = AppStore|x86
		Debug|Any CPU = Debug|Any CPU
		Debug|ARM = Debug|ARM
		Debug|iPhone = Debug|iPhone
		Debug|iPhoneSimulator = Debug|iPhoneSimulator
		Debug|Mixed Platforms = Debug|Mixed Platforms
		Debug|x86 = Debug|x86
		Release|Any CPU = Release|Any CPU
		Release|ARM = Release|ARM
		Release|iPhone = Release|iPhone
		Release|iPhoneSimulator = Release|iPhoneSimulator
		Release|Mixed Platforms = Release|Mixed Platforms
		Release|x86 = Release|x86
	EndGlobalSection
	GlobalSection(ProjectConfigurationPlatforms) = postSolution
		{344B113C-4FE1-4C06-930B-8F8D136C0E61}.Ad-Hoc|Any CPU.ActiveCfg = Release|Any CPU
		{344B113C-4FE1-4C06-930B-8F8D136C0E61}.Ad-Hoc|Any CPU.Build.0 = Release|Any CPU
		{344B113C-4FE1-4C06-930B-8F8D136C0E61}.Ad-Hoc|ARM.ActiveCfg = Release|Any CPU
		{344B113C-4FE1-4C06-930B-8F8D136C0E61}.Ad-Hoc|iPhone.ActiveCfg = Release|Any CPU
		{344B113C-4FE1-4C06-930B-8F8D136C0E61}.Ad-Hoc|iPhoneSimulator.ActiveCfg = Release|Any CPU
		{344B113C-4FE1-4C06-930B-8F8D136C0E61}.Ad-Hoc|Mixed Platforms.ActiveCfg = Release|Any CPU
		{344B113C-4FE1-4C06-930B-8F8D136C0E61}.Ad-Hoc|Mixed Platforms.Build.0 = Release|Any CPU
		{344B113C-4FE1-4C06-930B-8F8D136C0E61}.Ad-Hoc|x86.ActiveCfg = Release|Any CPU
		{344B113C-4FE1-4C06-930B-8F8D136C0E61}.AppStore|Any CPU.ActiveCfg = Release|Any CPU
		{344B113C-4FE1-4C06-930B-8F8D136C0E61}.AppStore|Any CPU.Build.0 = Release|Any CPU
		{344B113C-4FE1-4C06-930B-8F8D136C0E61}.AppStore|ARM.ActiveCfg = Release|Any CPU
		{344B113C-4FE1-4C06-930B-8F8D136C0E61}.AppStore|iPhone.ActiveCfg = Release|Any CPU
		{344B113C-4FE1-4C06-930B-8F8D136C0E61}.AppStore|iPhoneSimulator.ActiveCfg = Release|Any CPU
		{344B113C-4FE1-4C06-930B-8F8D136C0E61}.AppStore|Mixed Platforms.ActiveCfg = Release|Any CPU
		{344B113C-4FE1-4C06-930B-8F8D136C0E61}.AppStore|Mixed Platforms.Build.0 = Release|Any CPU
		{344B113C-4FE1-4C06-930B-8F8D136C0E61}.AppStore|x86.ActiveCfg = Release|Any CPU
		{344B113C-4FE1-4C06-930B-8F8D136C0E61}.Debug|Any CPU.ActiveCfg = Debug|Any CPU
		{344B113C-4FE1-4C06-930B-8F8D136C0E61}.Debug|Any CPU.Build.0 = Debug|Any CPU
		{344B113C-4FE1-4C06-930B-8F8D136C0E61}.Debug|ARM.ActiveCfg = Debug|Any CPU
		{344B113C-4FE1-4C06-930B-8F8D136C0E61}.Debug|iPhone.ActiveCfg = Debug|Any CPU
		{344B113C-4FE1-4C06-930B-8F8D136C0E61}.Debug|iPhoneSimulator.ActiveCfg = Debug|Any CPU
		{344B113C-4FE1-4C06-930B-8F8D136C0E61}.Debug|Mixed Platforms.ActiveCfg = Debug|Any CPU
		{344B113C-4FE1-4C06-930B-8F8D136C0E61}.Debug|Mixed Platforms.Build.0 = Debug|Any CPU
		{344B113C-4FE1-4C06-930B-8F8D136C0E61}.Debug|x86.ActiveCfg = Debug|Any CPU
		{344B113C-4FE1-4C06-930B-8F8D136C0E61}.Release|Any CPU.ActiveCfg = Release|Any CPU
		{344B113C-4FE1-4C06-930B-8F8D136C0E61}.Release|Any CPU.Build.0 = Release|Any CPU
		{344B113C-4FE1-4C06-930B-8F8D136C0E61}.Release|ARM.ActiveCfg = Release|Any CPU
		{344B113C-4FE1-4C06-930B-8F8D136C0E61}.Release|iPhone.ActiveCfg = Release|Any CPU
		{344B113C-4FE1-4C06-930B-8F8D136C0E61}.Release|iPhoneSimulator.ActiveCfg = Release|Any CPU
		{344B113C-4FE1-4C06-930B-8F8D136C0E61}.Release|Mixed Platforms.ActiveCfg = Release|Any CPU
		{344B113C-4FE1-4C06-930B-8F8D136C0E61}.Release|Mixed Platforms.Build.0 = Release|Any CPU
		{344B113C-4FE1-4C06-930B-8F8D136C0E61}.Release|x86.ActiveCfg = Release|Any CPU
		{8DCF2311-268F-4E22-8A73-7504E403EBE6}.Ad-Hoc|Any CPU.ActiveCfg = Ad-Hoc|iPhone
		{8DCF2311-268F-4E22-8A73-7504E403EBE6}.Ad-Hoc|ARM.ActiveCfg = Ad-Hoc|iPhone
		{8DCF2311-268F-4E22-8A73-7504E403EBE6}.Ad-Hoc|iPhone.ActiveCfg = Ad-Hoc|iPhone
		{8DCF2311-268F-4E22-8A73-7504E403EBE6}.Ad-Hoc|iPhone.Build.0 = Ad-Hoc|iPhone
		{8DCF2311-268F-4E22-8A73-7504E403EBE6}.Ad-Hoc|iPhoneSimulator.ActiveCfg = Ad-Hoc|iPhoneSimulator
		{8DCF2311-268F-4E22-8A73-7504E403EBE6}.Ad-Hoc|iPhoneSimulator.Build.0 = Ad-Hoc|iPhoneSimulator
		{8DCF2311-268F-4E22-8A73-7504E403EBE6}.Ad-Hoc|Mixed Platforms.ActiveCfg = Ad-Hoc|iPhone
		{8DCF2311-268F-4E22-8A73-7504E403EBE6}.Ad-Hoc|Mixed Platforms.Build.0 = Ad-Hoc|iPhone
		{8DCF2311-268F-4E22-8A73-7504E403EBE6}.Ad-Hoc|x86.ActiveCfg = Ad-Hoc|iPhone
		{8DCF2311-268F-4E22-8A73-7504E403EBE6}.AppStore|Any CPU.ActiveCfg = AppStore|iPhone
		{8DCF2311-268F-4E22-8A73-7504E403EBE6}.AppStore|ARM.ActiveCfg = AppStore|iPhone
		{8DCF2311-268F-4E22-8A73-7504E403EBE6}.AppStore|iPhone.ActiveCfg = AppStore|iPhone
		{8DCF2311-268F-4E22-8A73-7504E403EBE6}.AppStore|iPhone.Build.0 = AppStore|iPhone
		{8DCF2311-268F-4E22-8A73-7504E403EBE6}.AppStore|iPhoneSimulator.ActiveCfg = AppStore|iPhoneSimulator
		{8DCF2311-268F-4E22-8A73-7504E403EBE6}.AppStore|iPhoneSimulator.Build.0 = AppStore|iPhoneSimulator
		{8DCF2311-268F-4E22-8A73-7504E403EBE6}.AppStore|Mixed Platforms.ActiveCfg = AppStore|iPhone
		{8DCF2311-268F-4E22-8A73-7504E403EBE6}.AppStore|Mixed Platforms.Build.0 = AppStore|iPhone
		{8DCF2311-268F-4E22-8A73-7504E403EBE6}.AppStore|x86.ActiveCfg = AppStore|iPhone
		{8DCF2311-268F-4E22-8A73-7504E403EBE6}.Debug|Any CPU.ActiveCfg = Debug|iPhone
		{8DCF2311-268F-4E22-8A73-7504E403EBE6}.Debug|ARM.ActiveCfg = Debug|iPhone
		{8DCF2311-268F-4E22-8A73-7504E403EBE6}.Debug|iPhone.ActiveCfg = Debug|iPhone
		{8DCF2311-268F-4E22-8A73-7504E403EBE6}.Debug|iPhone.Build.0 = Debug|iPhone
		{8DCF2311-268F-4E22-8A73-7504E403EBE6}.Debug|iPhoneSimulator.ActiveCfg = Debug|iPhoneSimulator
		{8DCF2311-268F-4E22-8A73-7504E403EBE6}.Debug|iPhoneSimulator.Build.0 = Debug|iPhoneSimulator
		{8DCF2311-268F-4E22-8A73-7504E403EBE6}.Debug|Mixed Platforms.ActiveCfg = Debug|iPhone
		{8DCF2311-268F-4E22-8A73-7504E403EBE6}.Debug|Mixed Platforms.Build.0 = Debug|iPhone
		{8DCF2311-268F-4E22-8A73-7504E403EBE6}.Debug|x86.ActiveCfg = Debug|iPhone
		{8DCF2311-268F-4E22-8A73-7504E403EBE6}.Release|Any CPU.ActiveCfg = Release|iPhone
		{8DCF2311-268F-4E22-8A73-7504E403EBE6}.Release|ARM.ActiveCfg = Release|iPhone
		{8DCF2311-268F-4E22-8A73-7504E403EBE6}.Release|iPhone.ActiveCfg = Release|iPhone
		{8DCF2311-268F-4E22-8A73-7504E403EBE6}.Release|iPhone.Build.0 = Release|iPhone
		{8DCF2311-268F-4E22-8A73-7504E403EBE6}.Release|iPhoneSimulator.ActiveCfg = Release|iPhoneSimulator
		{8DCF2311-268F-4E22-8A73-7504E403EBE6}.Release|iPhoneSimulator.Build.0 = Release|iPhoneSimulator
		{8DCF2311-268F-4E22-8A73-7504E403EBE6}.Release|Mixed Platforms.ActiveCfg = Release|iPhone
		{8DCF2311-268F-4E22-8A73-7504E403EBE6}.Release|Mixed Platforms.Build.0 = Release|iPhone
		{8DCF2311-268F-4E22-8A73-7504E403EBE6}.Release|x86.ActiveCfg = Release|iPhone
		{B51620E5-99FF-4EC3-B06A-F108D7EEC42F}.Ad-Hoc|Any CPU.ActiveCfg = Release|Any CPU
		{B51620E5-99FF-4EC3-B06A-F108D7EEC42F}.Ad-Hoc|Any CPU.Build.0 = Release|Any CPU
		{B51620E5-99FF-4EC3-B06A-F108D7EEC42F}.Ad-Hoc|Any CPU.Deploy.0 = Release|Any CPU
		{B51620E5-99FF-4EC3-B06A-F108D7EEC42F}.Ad-Hoc|ARM.ActiveCfg = Release|Any CPU
		{B51620E5-99FF-4EC3-B06A-F108D7EEC42F}.Ad-Hoc|iPhone.ActiveCfg = Release|Any CPU
		{B51620E5-99FF-4EC3-B06A-F108D7EEC42F}.Ad-Hoc|iPhoneSimulator.ActiveCfg = Release|Any CPU
		{B51620E5-99FF-4EC3-B06A-F108D7EEC42F}.Ad-Hoc|Mixed Platforms.ActiveCfg = Release|Any CPU
		{B51620E5-99FF-4EC3-B06A-F108D7EEC42F}.Ad-Hoc|Mixed Platforms.Build.0 = Release|Any CPU
		{B51620E5-99FF-4EC3-B06A-F108D7EEC42F}.Ad-Hoc|Mixed Platforms.Deploy.0 = Release|Any CPU
		{B51620E5-99FF-4EC3-B06A-F108D7EEC42F}.Ad-Hoc|x86.ActiveCfg = Release|Any CPU
		{B51620E5-99FF-4EC3-B06A-F108D7EEC42F}.AppStore|Any CPU.ActiveCfg = Release|Any CPU
		{B51620E5-99FF-4EC3-B06A-F108D7EEC42F}.AppStore|Any CPU.Build.0 = Release|Any CPU
		{B51620E5-99FF-4EC3-B06A-F108D7EEC42F}.AppStore|Any CPU.Deploy.0 = Release|Any CPU
		{B51620E5-99FF-4EC3-B06A-F108D7EEC42F}.AppStore|ARM.ActiveCfg = Release|Any CPU
		{B51620E5-99FF-4EC3-B06A-F108D7EEC42F}.AppStore|iPhone.ActiveCfg = Release|Any CPU
		{B51620E5-99FF-4EC3-B06A-F108D7EEC42F}.AppStore|iPhoneSimulator.ActiveCfg = Release|Any CPU
		{B51620E5-99FF-4EC3-B06A-F108D7EEC42F}.AppStore|Mixed Platforms.ActiveCfg = Release|Any CPU
		{B51620E5-99FF-4EC3-B06A-F108D7EEC42F}.AppStore|Mixed Platforms.Build.0 = Release|Any CPU
		{B51620E5-99FF-4EC3-B06A-F108D7EEC42F}.AppStore|Mixed Platforms.Deploy.0 = Release|Any CPU
		{B51620E5-99FF-4EC3-B06A-F108D7EEC42F}.AppStore|x86.ActiveCfg = Release|Any CPU
		{B51620E5-99FF-4EC3-B06A-F108D7EEC42F}.Debug|Any CPU.ActiveCfg = Debug|Any CPU
		{B51620E5-99FF-4EC3-B06A-F108D7EEC42F}.Debug|Any CPU.Build.0 = Debug|Any CPU
		{B51620E5-99FF-4EC3-B06A-F108D7EEC42F}.Debug|Any CPU.Deploy.0 = Debug|Any CPU
		{B51620E5-99FF-4EC3-B06A-F108D7EEC42F}.Debug|ARM.ActiveCfg = Debug|Any CPU
		{B51620E5-99FF-4EC3-B06A-F108D7EEC42F}.Debug|iPhone.ActiveCfg = Debug|Any CPU
		{B51620E5-99FF-4EC3-B06A-F108D7EEC42F}.Debug|iPhoneSimulator.ActiveCfg = Debug|Any CPU
		{B51620E5-99FF-4EC3-B06A-F108D7EEC42F}.Debug|Mixed Platforms.ActiveCfg = Debug|Any CPU
		{B51620E5-99FF-4EC3-B06A-F108D7EEC42F}.Debug|Mixed Platforms.Build.0 = Debug|Any CPU
		{B51620E5-99FF-4EC3-B06A-F108D7EEC42F}.Debug|Mixed Platforms.Deploy.0 = Debug|Any CPU
		{B51620E5-99FF-4EC3-B06A-F108D7EEC42F}.Debug|x86.ActiveCfg = Debug|Any CPU
		{B51620E5-99FF-4EC3-B06A-F108D7EEC42F}.Release|Any CPU.ActiveCfg = Release|Any CPU
		{B51620E5-99FF-4EC3-B06A-F108D7EEC42F}.Release|Any CPU.Build.0 = Release|Any CPU
		{B51620E5-99FF-4EC3-B06A-F108D7EEC42F}.Release|Any CPU.Deploy.0 = Release|Any CPU
		{B51620E5-99FF-4EC3-B06A-F108D7EEC42F}.Release|ARM.ActiveCfg = Release|Any CPU
		{B51620E5-99FF-4EC3-B06A-F108D7EEC42F}.Release|iPhone.ActiveCfg = Release|Any CPU
		{B51620E5-99FF-4EC3-B06A-F108D7EEC42F}.Release|iPhoneSimulator.ActiveCfg = Release|Any CPU
		{B51620E5-99FF-4EC3-B06A-F108D7EEC42F}.Release|Mixed Platforms.ActiveCfg = Release|Any CPU
		{B51620E5-99FF-4EC3-B06A-F108D7EEC42F}.Release|Mixed Platforms.Build.0 = Release|Any CPU
		{B51620E5-99FF-4EC3-B06A-F108D7EEC42F}.Release|Mixed Platforms.Deploy.0 = Release|Any CPU
		{B51620E5-99FF-4EC3-B06A-F108D7EEC42F}.Release|x86.ActiveCfg = Release|Any CPU
		{71DC09A5-CE32-486D-9CC8-E41DFC8110F0}.Ad-Hoc|Any CPU.ActiveCfg = Release|Any CPU
		{71DC09A5-CE32-486D-9CC8-E41DFC8110F0}.Ad-Hoc|Any CPU.Build.0 = Release|Any CPU
		{71DC09A5-CE32-486D-9CC8-E41DFC8110F0}.Ad-Hoc|Any CPU.Deploy.0 = Release|Any CPU
		{71DC09A5-CE32-486D-9CC8-E41DFC8110F0}.Ad-Hoc|ARM.ActiveCfg = Release|ARM
		{71DC09A5-CE32-486D-9CC8-E41DFC8110F0}.Ad-Hoc|ARM.Build.0 = Release|ARM
		{71DC09A5-CE32-486D-9CC8-E41DFC8110F0}.Ad-Hoc|ARM.Deploy.0 = Release|ARM
		{71DC09A5-CE32-486D-9CC8-E41DFC8110F0}.Ad-Hoc|iPhone.ActiveCfg = Release|Any CPU
		{71DC09A5-CE32-486D-9CC8-E41DFC8110F0}.Ad-Hoc|iPhoneSimulator.ActiveCfg = Release|Any CPU
		{71DC09A5-CE32-486D-9CC8-E41DFC8110F0}.Ad-Hoc|Mixed Platforms.ActiveCfg = Release|x86
		{71DC09A5-CE32-486D-9CC8-E41DFC8110F0}.Ad-Hoc|Mixed Platforms.Build.0 = Release|x86
		{71DC09A5-CE32-486D-9CC8-E41DFC8110F0}.Ad-Hoc|Mixed Platforms.Deploy.0 = Release|x86
		{71DC09A5-CE32-486D-9CC8-E41DFC8110F0}.Ad-Hoc|x86.ActiveCfg = Release|x86
		{71DC09A5-CE32-486D-9CC8-E41DFC8110F0}.Ad-Hoc|x86.Build.0 = Release|x86
		{71DC09A5-CE32-486D-9CC8-E41DFC8110F0}.Ad-Hoc|x86.Deploy.0 = Release|x86
		{71DC09A5-CE32-486D-9CC8-E41DFC8110F0}.AppStore|Any CPU.ActiveCfg = Release|Any CPU
		{71DC09A5-CE32-486D-9CC8-E41DFC8110F0}.AppStore|Any CPU.Build.0 = Release|Any CPU
		{71DC09A5-CE32-486D-9CC8-E41DFC8110F0}.AppStore|Any CPU.Deploy.0 = Release|Any CPU
		{71DC09A5-CE32-486D-9CC8-E41DFC8110F0}.AppStore|ARM.ActiveCfg = Release|ARM
		{71DC09A5-CE32-486D-9CC8-E41DFC8110F0}.AppStore|ARM.Build.0 = Release|ARM
		{71DC09A5-CE32-486D-9CC8-E41DFC8110F0}.AppStore|ARM.Deploy.0 = Release|ARM
		{71DC09A5-CE32-486D-9CC8-E41DFC8110F0}.AppStore|iPhone.ActiveCfg = Release|Any CPU
		{71DC09A5-CE32-486D-9CC8-E41DFC8110F0}.AppStore|iPhoneSimulator.ActiveCfg = Release|Any CPU
		{71DC09A5-CE32-486D-9CC8-E41DFC8110F0}.AppStore|Mixed Platforms.ActiveCfg = Release|x86
		{71DC09A5-CE32-486D-9CC8-E41DFC8110F0}.AppStore|Mixed Platforms.Build.0 = Release|x86
		{71DC09A5-CE32-486D-9CC8-E41DFC8110F0}.AppStore|Mixed Platforms.Deploy.0 = Release|x86
		{71DC09A5-CE32-486D-9CC8-E41DFC8110F0}.AppStore|x86.ActiveCfg = Release|x86
		{71DC09A5-CE32-486D-9CC8-E41DFC8110F0}.AppStore|x86.Build.0 = Release|x86
		{71DC09A5-CE32-486D-9CC8-E41DFC8110F0}.AppStore|x86.Deploy.0 = Release|x86
		{71DC09A5-CE32-486D-9CC8-E41DFC8110F0}.Debug|Any CPU.ActiveCfg = Debug|Any CPU
		{71DC09A5-CE32-486D-9CC8-E41DFC8110F0}.Debug|Any CPU.Build.0 = Debug|Any CPU
		{71DC09A5-CE32-486D-9CC8-E41DFC8110F0}.Debug|Any CPU.Deploy.0 = Debug|Any CPU
		{71DC09A5-CE32-486D-9CC8-E41DFC8110F0}.Debug|ARM.ActiveCfg = Debug|ARM
		{71DC09A5-CE32-486D-9CC8-E41DFC8110F0}.Debug|ARM.Build.0 = Debug|ARM
		{71DC09A5-CE32-486D-9CC8-E41DFC8110F0}.Debug|ARM.Deploy.0 = Debug|ARM
		{71DC09A5-CE32-486D-9CC8-E41DFC8110F0}.Debug|iPhone.ActiveCfg = Debug|Any CPU
		{71DC09A5-CE32-486D-9CC8-E41DFC8110F0}.Debug|iPhoneSimulator.ActiveCfg = Debug|Any CPU
		{71DC09A5-CE32-486D-9CC8-E41DFC8110F0}.Debug|Mixed Platforms.ActiveCfg = Debug|x86
		{71DC09A5-CE32-486D-9CC8-E41DFC8110F0}.Debug|Mixed Platforms.Build.0 = Debug|x86
		{71DC09A5-CE32-486D-9CC8-E41DFC8110F0}.Debug|Mixed Platforms.Deploy.0 = Debug|x86
		{71DC09A5-CE32-486D-9CC8-E41DFC8110F0}.Debug|x86.ActiveCfg = Debug|x86
		{71DC09A5-CE32-486D-9CC8-E41DFC8110F0}.Debug|x86.Build.0 = Debug|x86
		{71DC09A5-CE32-486D-9CC8-E41DFC8110F0}.Debug|x86.Deploy.0 = Debug|x86
		{71DC09A5-CE32-486D-9CC8-E41DFC8110F0}.Release|Any CPU.ActiveCfg = Release|Any CPU
		{71DC09A5-CE32-486D-9CC8-E41DFC8110F0}.Release|Any CPU.Build.0 = Release|Any CPU
		{71DC09A5-CE32-486D-9CC8-E41DFC8110F0}.Release|Any CPU.Deploy.0 = Release|Any CPU
		{71DC09A5-CE32-486D-9CC8-E41DFC8110F0}.Release|ARM.ActiveCfg = Release|ARM
		{71DC09A5-CE32-486D-9CC8-E41DFC8110F0}.Release|ARM.Build.0 = Release|ARM
		{71DC09A5-CE32-486D-9CC8-E41DFC8110F0}.Release|ARM.Deploy.0 = Release|ARM
		{71DC09A5-CE32-486D-9CC8-E41DFC8110F0}.Release|iPhone.ActiveCfg = Release|Any CPU
		{71DC09A5-CE32-486D-9CC8-E41DFC8110F0}.Release|iPhoneSimulator.ActiveCfg = Release|Any CPU
		{71DC09A5-CE32-486D-9CC8-E41DFC8110F0}.Release|Mixed Platforms.ActiveCfg = Release|x86
		{71DC09A5-CE32-486D-9CC8-E41DFC8110F0}.Release|Mixed Platforms.Build.0 = Release|x86
		{71DC09A5-CE32-486D-9CC8-E41DFC8110F0}.Release|Mixed Platforms.Deploy.0 = Release|x86
		{71DC09A5-CE32-486D-9CC8-E41DFC8110F0}.Release|x86.ActiveCfg = Release|x86
		{71DC09A5-CE32-486D-9CC8-E41DFC8110F0}.Release|x86.Build.0 = Release|x86
		{71DC09A5-CE32-486D-9CC8-E41DFC8110F0}.Release|x86.Deploy.0 = Release|x86
	EndGlobalSection
	GlobalSection(SolutionProperties) = preSolution
		HideSolutionNode = FALSE
	EndGlobalSection
EndGlobal
